// !$*UTF8*$!
{
	archiveVersion = 1;
	classes = {
	};
	objectVersion = 50;
	objects = {

/* Begin PBXBuildFile section */
		877CC51B25685F13003EDBA2 /* AppDelegate.swift in Sources */ = {isa = PBXBuildFile; fileRef = 877CC51A25685F13003EDBA2 /* AppDelegate.swift */; };
		877CC51F25685F13003EDBA2 /* ViewController.swift in Sources */ = {isa = PBXBuildFile; fileRef = 877CC51E25685F13003EDBA2 /* ViewController.swift */; };
		877CC52225685F13003EDBA2 /* Main.storyboard in Resources */ = {isa = PBXBuildFile; fileRef = 877CC52025685F13003EDBA2 /* Main.storyboard */; };
		877CC52425685F14003EDBA2 /* Assets.xcassets in Resources */ = {isa = PBXBuildFile; fileRef = 877CC52325685F14003EDBA2 /* Assets.xcassets */; };
		877CC52725685F14003EDBA2 /* LaunchScreen.storyboard in Resources */ = {isa = PBXBuildFile; fileRef = 877CC52525685F14003EDBA2 /* LaunchScreen.storyboard */; };
		8785E990256EDAA1004E3024 /* InstaFeedViewController.swift in Sources */ = {isa = PBXBuildFile; fileRef = 8785E98F256EDAA1004E3024 /* InstaFeedViewController.swift */; };
		8785E996256EDB00004E3024 /* InstaFeedCell.swift in Sources */ = {isa = PBXBuildFile; fileRef = 8785E994256EDB00004E3024 /* InstaFeedCell.swift */; };
		8785E997256EDB00004E3024 /* InstaFeedCell.xib in Resources */ = {isa = PBXBuildFile; fileRef = 8785E995256EDB00004E3024 /* InstaFeedCell.xib */; };
		8785E9A3256EDD6C004E3024 /* UIButton+Extensions.swift in Sources */ = {isa = PBXBuildFile; fileRef = 8785E99E256EDD6C004E3024 /* UIButton+Extensions.swift */; };
		8785E9A4256EDD6C004E3024 /* CornerUIImageView.swift in Sources */ = {isa = PBXBuildFile; fileRef = 8785E99F256EDD6C004E3024 /* CornerUIImageView.swift */; };
		8785E9A5256EDD6C004E3024 /* UIView+Extensions.swift in Sources */ = {isa = PBXBuildFile; fileRef = 8785E9A0256EDD6C004E3024 /* UIView+Extensions.swift */; };
		8785E9A6256EDD6C004E3024 /* CornerUITextField.swift in Sources */ = {isa = PBXBuildFile; fileRef = 8785E9A1256EDD6C004E3024 /* CornerUITextField.swift */; };
		8785E9A7256EDD6C004E3024 /* UITapGestureRecognizer.swift in Sources */ = {isa = PBXBuildFile; fileRef = 8785E9A2256EDD6C004E3024 /* UITapGestureRecognizer.swift */; };
		878AC928256D862E00B08EA7 /* NewCollectionViewCell.swift in Sources */ = {isa = PBXBuildFile; fileRef = 878AC926256D862E00B08EA7 /* NewCollectionViewCell.swift */; };
		878AC929256D862E00B08EA7 /* NewCollectionViewCell.xib in Resources */ = {isa = PBXBuildFile; fileRef = 878AC927256D862E00B08EA7 /* NewCollectionViewCell.xib */; };
		878AC92C256D86A900B08EA7 /* NewViewController.swift in Sources */ = {isa = PBXBuildFile; fileRef = 878AC92B256D86A900B08EA7 /* NewViewController.swift */; };
		8794CD4925691CF1009B3EE9 /* CustomCollectionViewCell.swift in Sources */ = {isa = PBXBuildFile; fileRef = 8794CD4725691CF1009B3EE9 /* CustomCollectionViewCell.swift */; };
		8794CD4A25691CF1009B3EE9 /* CustomCollectionViewCell.xib in Resources */ = {isa = PBXBuildFile; fileRef = 8794CD4825691CF1009B3EE9 /* CustomCollectionViewCell.xib */; };
		8794CD4E25691FF3009B3EE9 /* ArticleItem.swift in Sources */ = {isa = PBXBuildFile; fileRef = 8794CD4D25691FF3009B3EE9 /* ArticleItem.swift */; };
/* End PBXBuildFile section */

/* Begin PBXFileReference section */
		877CC51725685F13003EDBA2 /* CollectionViewExample.app */ = {isa = PBXFileReference; explicitFileType = wrapper.application; includeInIndex = 0; path = CollectionViewExample.app; sourceTree = BUILT_PRODUCTS_DIR; };
		877CC51A25685F13003EDBA2 /* AppDelegate.swift */ = {isa = PBXFileReference; lastKnownFileType = sourcecode.swift; path = AppDelegate.swift; sourceTree = "<group>"; };
		877CC51E25685F13003EDBA2 /* ViewController.swift */ = {isa = PBXFileReference; lastKnownFileType = sourcecode.swift; path = ViewController.swift; sourceTree = "<group>"; };
		877CC52125685F13003EDBA2 /* Base */ = {isa = PBXFileReference; lastKnownFileType = file.storyboard; name = Base; path = Base.lproj/Main.storyboard; sourceTree = "<group>"; };
		877CC52325685F14003EDBA2 /* Assets.xcassets */ = {isa = PBXFileReference; lastKnownFileType = folder.assetcatalog; path = Assets.xcassets; sourceTree = "<group>"; };
		877CC52625685F14003EDBA2 /* Base */ = {isa = PBXFileReference; lastKnownFileType = file.storyboard; name = Base; path = Base.lproj/LaunchScreen.storyboard; sourceTree = "<group>"; };
		877CC52825685F14003EDBA2 /* Info.plist */ = {isa = PBXFileReference; lastKnownFileType = text.plist.xml; path = Info.plist; sourceTree = "<group>"; };
		8785E98F256EDAA1004E3024 /* InstaFeedViewController.swift */ = {isa = PBXFileReference; lastKnownFileType = sourcecode.swift; path = InstaFeedViewController.swift; sourceTree = "<group>"; };
		8785E994256EDB00004E3024 /* InstaFeedCell.swift */ = {isa = PBXFileReference; lastKnownFileType = sourcecode.swift; path = InstaFeedCell.swift; sourceTree = "<group>"; };
		8785E995256EDB00004E3024 /* InstaFeedCell.xib */ = {isa = PBXFileReference; lastKnownFileType = file.xib; path = InstaFeedCell.xib; sourceTree = "<group>"; };
		8785E99E256EDD6C004E3024 /* UIButton+Extensions.swift */ = {isa = PBXFileReference; fileEncoding = 4; lastKnownFileType = sourcecode.swift; path = "UIButton+Extensions.swift"; sourceTree = "<group>"; };
		8785E99F256EDD6C004E3024 /* CornerUIImageView.swift */ = {isa = PBXFileReference; fileEncoding = 4; lastKnownFileType = sourcecode.swift; path = CornerUIImageView.swift; sourceTree = "<group>"; };
		8785E9A0256EDD6C004E3024 /* UIView+Extensions.swift */ = {isa = PBXFileReference; fileEncoding = 4; lastKnownFileType = sourcecode.swift; path = "UIView+Extensions.swift"; sourceTree = "<group>"; };
		8785E9A1256EDD6C004E3024 /* CornerUITextField.swift */ = {isa = PBXFileReference; fileEncoding = 4; lastKnownFileType = sourcecode.swift; path = CornerUITextField.swift; sourceTree = "<group>"; };
		8785E9A2256EDD6C004E3024 /* UITapGestureRecognizer.swift */ = {isa = PBXFileReference; fileEncoding = 4; lastKnownFileType = sourcecode.swift; path = UITapGestureRecognizer.swift; sourceTree = "<group>"; };
		878AC926256D862E00B08EA7 /* NewCollectionViewCell.swift */ = {isa = PBXFileReference; lastKnownFileType = sourcecode.swift; path = NewCollectionViewCell.swift; sourceTree = "<group>"; };
		878AC927256D862E00B08EA7 /* NewCollectionViewCell.xib */ = {isa = PBXFileReference; lastKnownFileType = file.xib; path = NewCollectionViewCell.xib; sourceTree = "<group>"; };
		878AC92B256D86A900B08EA7 /* NewViewController.swift */ = {isa = PBXFileReference; lastKnownFileType = sourcecode.swift; path = NewViewController.swift; sourceTree = "<group>"; };
		8794CD4725691CF1009B3EE9 /* CustomCollectionViewCell.swift */ = {isa = PBXFileReference; lastKnownFileType = sourcecode.swift; path = CustomCollectionViewCell.swift; sourceTree = "<group>"; };
		8794CD4825691CF1009B3EE9 /* CustomCollectionViewCell.xib */ = {isa = PBXFileReference; lastKnownFileType = file.xib; path = CustomCollectionViewCell.xib; sourceTree = "<group>"; };
		8794CD4D25691FF3009B3EE9 /* ArticleItem.swift */ = {isa = PBXFileReference; lastKnownFileType = sourcecode.swift; path = ArticleItem.swift; sourceTree = "<group>"; };
/* End PBXFileReference section */

/* Begin PBXFrameworksBuildPhase section */
		877CC51425685F13003EDBA2 /* Frameworks */ = {
			isa = PBXFrameworksBuildPhase;
			buildActionMask = 2147483647;
			files = (
			);
			runOnlyForDeploymentPostprocessing = 0;
		};
/* End PBXFrameworksBuildPhase section */

/* Begin PBXGroup section */
		877CC50E25685F13003EDBA2 = {
			isa = PBXGroup;
			children = (
				877CC51925685F13003EDBA2 /* CollectionViewExample */,
				877CC51825685F13003EDBA2 /* Products */,
			);
			sourceTree = "<group>";
		};
		877CC51825685F13003EDBA2 /* Products */ = {
			isa = PBXGroup;
			children = (
				877CC51725685F13003EDBA2 /* CollectionViewExample.app */,
			);
			name = Products;
			sourceTree = "<group>";
		};
		877CC51925685F13003EDBA2 /* CollectionViewExample */ = {
			isa = PBXGroup;
			children = (
				8785E99D256EDD61004E3024 /* Extensions */,
				8785E98E256EDA91004E3024 /* InstaFeed */,
				877CC51A25685F13003EDBA2 /* AppDelegate.swift */,
				877CC51E25685F13003EDBA2 /* ViewController.swift */,
				877CC52025685F13003EDBA2 /* Main.storyboard */,
				877CC52325685F14003EDBA2 /* Assets.xcassets */,
				877CC52525685F14003EDBA2 /* LaunchScreen.storyboard */,
				877CC52825685F14003EDBA2 /* Info.plist */,
				878AC91F256D860400B08EA7 /* Cell1 */,
				878AC91E256D85FB00B08EA7 /* Cell2 */,
				8794CD4D25691FF3009B3EE9 /* ArticleItem.swift */,
				878AC92B256D86A900B08EA7 /* NewViewController.swift */,
			);
			path = CollectionViewExample;
			sourceTree = "<group>";
		};
		8785E98E256EDA91004E3024 /* InstaFeed */ = {
			isa = PBXGroup;
			children = (
				8785E993256EDAE1004E3024 /* Cell */,
				8785E98F256EDAA1004E3024 /* InstaFeedViewController.swift */,
			);
			path = InstaFeed;
			sourceTree = "<group>";
		};
		8785E993256EDAE1004E3024 /* Cell */ = {
			isa = PBXGroup;
			children = (
				8785E994256EDB00004E3024 /* InstaFeedCell.swift */,
				8785E995256EDB00004E3024 /* InstaFeedCell.xib */,
			);
			path = Cell;
			sourceTree = "<group>";
		};
		8785E99D256EDD61004E3024 /* Extensions */ = {
			isa = PBXGroup;
			children = (
				8785E99F256EDD6C004E3024 /* CornerUIImageView.swift */,
				8785E9A1256EDD6C004E3024 /* CornerUITextField.swift */,
				8785E99E256EDD6C004E3024 /* UIButton+Extensions.swift */,
				8785E9A2256EDD6C004E3024 /* UITapGestureRecognizer.swift */,
				8785E9A0256EDD6C004E3024 /* UIView+Extensions.swift */,
			);
			path = Extensions;
			sourceTree = "<group>";
		};
		878AC91E256D85FB00B08EA7 /* Cell2 */ = {
			isa = PBXGroup;
			children = (
				878AC926256D862E00B08EA7 /* NewCollectionViewCell.swift */,
				878AC927256D862E00B08EA7 /* NewCollectionViewCell.xib */,
			);
			path = Cell2;
			sourceTree = "<group>";
		};
		878AC91F256D860400B08EA7 /* Cell1 */ = {
			isa = PBXGroup;
			children = (
				8794CD4725691CF1009B3EE9 /* CustomCollectionViewCell.swift */,
				8794CD4825691CF1009B3EE9 /* CustomCollectionViewCell.xib */,
			);
			path = Cell1;
			sourceTree = "<group>";
		};
/* End PBXGroup section */

/* Begin PBXNativeTarget section */
		877CC51625685F13003EDBA2 /* CollectionViewExample */ = {
			isa = PBXNativeTarget;
			buildConfigurationList = 877CC52B25685F14003EDBA2 /* Build configuration list for PBXNativeTarget "CollectionViewExample" */;
			buildPhases = (
				877CC51325685F13003EDBA2 /* Sources */,
				877CC51425685F13003EDBA2 /* Frameworks */,
				877CC51525685F13003EDBA2 /* Resources */,
			);
			buildRules = (
			);
			dependencies = (
			);
			name = CollectionViewExample;
			productName = CollectionViewExample;
			productReference = 877CC51725685F13003EDBA2 /* CollectionViewExample.app */;
			productType = "com.apple.product-type.application";
		};
/* End PBXNativeTarget section */

/* Begin PBXProject section */
		877CC50F25685F13003EDBA2 /* Project object */ = {
			isa = PBXProject;
			attributes = {
				LastSwiftUpdateCheck = 1220;
				LastUpgradeCheck = 1220;
				TargetAttributes = {
					877CC51625685F13003EDBA2 = {
						CreatedOnToolsVersion = 12.2;
					};
				};
			};
			buildConfigurationList = 877CC51225685F13003EDBA2 /* Build configuration list for PBXProject "CollectionViewExample" */;
			compatibilityVersion = "Xcode 9.3";
			developmentRegion = en;
			hasScannedForEncodings = 0;
			knownRegions = (
				en,
				Base,
			);
			mainGroup = 877CC50E25685F13003EDBA2;
			productRefGroup = 877CC51825685F13003EDBA2 /* Products */;
			projectDirPath = "";
			projectRoot = "";
			targets = (
				877CC51625685F13003EDBA2 /* CollectionViewExample */,
			);
		};
/* End PBXProject section */

/* Begin PBXResourcesBuildPhase section */
		877CC51525685F13003EDBA2 /* Resources */ = {
			isa = PBXResourcesBuildPhase;
			buildActionMask = 2147483647;
			files = (
				878AC929256D862E00B08EA7 /* NewCollectionViewCell.xib in Resources */,
				877CC52725685F14003EDBA2 /* LaunchScreen.storyboard in Resources */,
				877CC52425685F14003EDBA2 /* Assets.xcassets in Resources */,
				8785E997256EDB00004E3024 /* InstaFeedCell.xib in Resources */,
				877CC52225685F13003EDBA2 /* Main.storyboard in Resources */,
				8794CD4A25691CF1009B3EE9 /* CustomCollectionViewCell.xib in Resources */,
			);
			runOnlyForDeploymentPostprocessing = 0;
		};
/* End PBXResourcesBuildPhase section */

/* Begin PBXSourcesBuildPhase section */
		877CC51325685F13003EDBA2 /* Sources */ = {
			isa = PBXSourcesBuildPhase;
			buildActionMask = 2147483647;
			files = (
				877CC51F25685F13003EDBA2 /* ViewController.swift in Sources */,
				8785E996256EDB00004E3024 /* InstaFeedCell.swift in Sources */,
				8785E9A7256EDD6C004E3024 /* UITapGestureRecognizer.swift in Sources */,
				8785E990256EDAA1004E3024 /* InstaFeedViewController.swift in Sources */,
				877CC51B25685F13003EDBA2 /* AppDelegate.swift in Sources */,
				8785E9A3256EDD6C004E3024 /* UIButton+Extensions.swift in Sources */,
				8794CD4925691CF1009B3EE9 /* CustomCollectionViewCell.swift in Sources */,
				8785E9A6256EDD6C004E3024 /* CornerUITextField.swift in Sources */,
				878AC92C256D86A900B08EA7 /* NewViewController.swift in Sources */,
				878AC928256D862E00B08EA7 /* NewCollectionViewCell.swift in Sources */,
				8794CD4E25691FF3009B3EE9 /* ArticleItem.swift in Sources */,
				8785E9A4256EDD6C004E3024 /* CornerUIImageView.swift in Sources */,
				8785E9A5256EDD6C004E3024 /* UIView+Extensions.swift in Sources */,
			);
			runOnlyForDeploymentPostprocessing = 0;
		};
/* End PBXSourcesBuildPhase section */

/* Begin PBXVariantGroup section */
		877CC52025685F13003EDBA2 /* Main.storyboard */ = {
			isa = PBXVariantGroup;
			children = (
				877CC52125685F13003EDBA2 /* Base */,
			);
			name = Main.storyboard;
			sourceTree = "<group>";
		};
		877CC52525685F14003EDBA2 /* LaunchScreen.storyboard */ = {
			isa = PBXVariantGroup;
			children = (
				877CC52625685F14003EDBA2 /* Base */,
			);
			name = LaunchScreen.storyboard;
			sourceTree = "<group>";
		};
/* End PBXVariantGroup section */

/* Begin XCBuildConfiguration section */
		877CC52925685F14003EDBA2 /* Debug */ = {
			isa = XCBuildConfiguration;
			buildSettings = {
				ALWAYS_SEARCH_USER_PATHS = NO;
				CLANG_ANALYZER_NONNULL = YES;
				CLANG_ANALYZER_NUMBER_OBJECT_CONVERSION = YES_AGGRESSIVE;
				CLANG_CXX_LANGUAGE_STANDARD = "gnu++14";
				CLANG_CXX_LIBRARY = "libc++";
				CLANG_ENABLE_MODULES = YES;
				CLANG_ENABLE_OBJC_ARC = YES;
				CLANG_ENABLE_OBJC_WEAK = YES;
				CLANG_WARN_BLOCK_CAPTURE_AUTORELEASING = YES;
				CLANG_WARN_BOOL_CONVERSION = YES;
				CLANG_WARN_COMMA = YES;
				CLANG_WARN_CONSTANT_CONVERSION = YES;
				CLANG_WARN_DEPRECATED_OBJC_IMPLEMENTATIONS = YES;
				CLANG_WARN_DIRECT_OBJC_ISA_USAGE = YES_ERROR;
				CLANG_WARN_DOCUMENTATION_COMMENTS = YES;
				CLANG_WARN_EMPTY_BODY = YES;
				CLANG_WARN_ENUM_CONVERSION = YES;
				CLANG_WARN_INFINITE_RECURSION = YES;
				CLANG_WARN_INT_CONVERSION = YES;
				CLANG_WARN_NON_LITERAL_NULL_CONVERSION = YES;
				CLANG_WARN_OBJC_IMPLICIT_RETAIN_SELF = YES;
				CLANG_WARN_OBJC_LITERAL_CONVERSION = YES;
				CLANG_WARN_OBJC_ROOT_CLASS = YES_ERROR;
				CLANG_WARN_QUOTED_INCLUDE_IN_FRAMEWORK_HEADER = YES;
				CLANG_WARN_RANGE_LOOP_ANALYSIS = YES;
				CLANG_WARN_STRICT_PROTOTYPES = YES;
				CLANG_WARN_SUSPICIOUS_MOVE = YES;
				CLANG_WARN_UNGUARDED_AVAILABILITY = YES_AGGRESSIVE;
				CLANG_WARN_UNREACHABLE_CODE = YES;
				CLANG_WARN__DUPLICATE_METHOD_MATCH = YES;
				COPY_PHASE_STRIP = NO;
				DEBUG_INFORMATION_FORMAT = dwarf;
				ENABLE_STRICT_OBJC_MSGSEND = YES;
				ENABLE_TESTABILITY = YES;
				GCC_C_LANGUAGE_STANDARD = gnu11;
				GCC_DYNAMIC_NO_PIC = NO;
				GCC_NO_COMMON_BLOCKS = YES;
				GCC_OPTIMIZATION_LEVEL = 0;
				GCC_PREPROCESSOR_DEFINITIONS = (
					"DEBUG=1",
					"$(inherited)",
				);
				GCC_WARN_64_TO_32_BIT_CONVERSION = YES;
				GCC_WARN_ABOUT_RETURN_TYPE = YES_ERROR;
				GCC_WARN_UNDECLARED_SELECTOR = YES;
				GCC_WARN_UNINITIALIZED_AUTOS = YES_AGGRESSIVE;
				GCC_WARN_UNUSED_FUNCTION = YES;
				GCC_WARN_UNUSED_VARIABLE = YES;
				IPHONEOS_DEPLOYMENT_TARGET = 14.2;
				MTL_ENABLE_DEBUG_INFO = INCLUDE_SOURCE;
				MTL_FAST_MATH = YES;
				ONLY_ACTIVE_ARCH = YES;
				SDKROOT = iphoneos;
				SWIFT_ACTIVE_COMPILATION_CONDITIONS = DEBUG;
				SWIFT_OPTIMIZATION_LEVEL = "-Onone";
			};
			name = Debug;
		};
		877CC52A25685F14003EDBA2 /* Release */ = {
			isa = XCBuildConfiguration;
			buildSettings = {
				ALWAYS_SEARCH_USER_PATHS = NO;
				CLANG_ANALYZER_NONNULL = YES;
				CLANG_ANALYZER_NUMBER_OBJECT_CONVERSION = YES_AGGRESSIVE;
				CLANG_CXX_LANGUAGE_STANDARD = "gnu++14";
				CLANG_CXX_LIBRARY = "libc++";
				CLANG_ENABLE_MODULES = YES;
				CLANG_ENABLE_OBJC_ARC = YES;
				CLANG_ENABLE_OBJC_WEAK = YES;
				CLANG_WARN_BLOCK_CAPTURE_AUTORELEASING = YES;
				CLANG_WARN_BOOL_CONVERSION = YES;
				CLANG_WARN_COMMA = YES;
				CLANG_WARN_CONSTANT_CONVERSION = YES;
				CLANG_WARN_DEPRECATED_OBJC_IMPLEMENTATIONS = YES;
				CLANG_WARN_DIRECT_OBJC_ISA_USAGE = YES_ERROR;
				CLANG_WARN_DOCUMENTATION_COMMENTS = YES;
				CLANG_WARN_EMPTY_BODY = YES;
				CLANG_WARN_ENUM_CONVERSION = YES;
				CLANG_WARN_INFINITE_RECURSION = YES;
				CLANG_WARN_INT_CONVERSION = YES;
				CLANG_WARN_NON_LITERAL_NULL_CONVERSION = YES;
				CLANG_WARN_OBJC_IMPLICIT_RETAIN_SELF = YES;
				CLANG_WARN_OBJC_LITERAL_CONVERSION = YES;
				CLANG_WARN_OBJC_ROOT_CLASS = YES_ERROR;
				CLANG_WARN_QUOTED_INCLUDE_IN_FRAMEWORK_HEADER = YES;
				CLANG_WARN_RANGE_LOOP_ANALYSIS = YES;
				CLANG_WARN_STRICT_PROTOTYPES = YES;
				CLANG_WARN_SUSPICIOUS_MOVE = YES;
				CLANG_WARN_UNGUARDED_AVAILABILITY = YES_AGGRESSIVE;
				CLANG_WARN_UNREACHABLE_CODE = YES;
				CLANG_WARN__DUPLICATE_METHOD_MATCH = YES;
				COPY_PHASE_STRIP = NO;
				DEBUG_INFORMATION_FORMAT = "dwarf-with-dsym";
				ENABLE_NS_ASSERTIONS = NO;
				ENABLE_STRICT_OBJC_MSGSEND = YES;
				GCC_C_LANGUAGE_STANDARD = gnu11;
				GCC_NO_COMMON_BLOCKS = YES;
				GCC_WARN_64_TO_32_BIT_CONVERSION = YES;
				GCC_WARN_ABOUT_RETURN_TYPE = YES_ERROR;
				GCC_WARN_UNDECLARED_SELECTOR = YES;
				GCC_WARN_UNINITIALIZED_AUTOS = YES_AGGRESSIVE;
				GCC_WARN_UNUSED_FUNCTION = YES;
				GCC_WARN_UNUSED_VARIABLE = YES;
				IPHONEOS_DEPLOYMENT_TARGET = 14.2;
				MTL_ENABLE_DEBUG_INFO = NO;
				MTL_FAST_MATH = YES;
				SDKROOT = iphoneos;
				SWIFT_COMPILATION_MODE = wholemodule;
				SWIFT_OPTIMIZATION_LEVEL = "-O";
				VALIDATE_PRODUCT = YES;
			};
			name = Release;
		};
		877CC52C25685F14003EDBA2 /* Debug */ = {
			isa = XCBuildConfiguration;
			buildSettings = {
				ASSETCATALOG_COMPILER_APPICON_NAME = AppIcon;
				ASSETCATALOG_COMPILER_GLOBAL_ACCENT_COLOR_NAME = AccentColor;
				CODE_SIGN_STYLE = Automatic;
				INFOPLIST_FILE = CollectionViewExample/Info.plist;
				IPHONEOS_DEPLOYMENT_TARGET = 11.0;
				LD_RUNPATH_SEARCH_PATHS = (
					"$(inherited)",
					"@executable_path/Frameworks",
				);
				PRODUCT_BUNDLE_IDENTIFIER = com.iamkurtgoz.CollectionViewExample;
				PRODUCT_NAME = "$(TARGET_NAME)";
				SWIFT_VERSION = 5.0;
				TARGETED_DEVICE_FAMILY = "1,2";
			};
			name = Debug;
		};
		877CC52D25685F14003EDBA2 /* Release */ = {
			isa = XCBuildConfiguration;
			buildSettings = {
				ASSETCATALOG_COMPILER_APPICON_NAME = AppIcon;
				ASSETCATALOG_COMPILER_GLOBAL_ACCENT_COLOR_NAME = AccentColor;
				CODE_SIGN_STYLE = Automatic;
				INFOPLIST_FILE = CollectionViewExample/Info.plist;
				IPHONEOS_DEPLOYMENT_TARGET = 11.0;
				LD_RUNPATH_SEARCH_PATHS = (
					"$(inherited)",
					"@executable_path/Frameworks",
				);
				PRODUCT_BUNDLE_IDENTIFIER = com.iamkurtgoz.CollectionViewExample;
				PRODUCT_NAME = "$(TARGET_NAME)";
				SWIFT_VERSION = 5.0;
				TARGETED_DEVICE_FAMILY = "1,2";
			};
			name = Release;
		};
/* End XCBuildConfiguration section */

/* Begin XCConfigurationList section */
		877CC51225685F13003EDBA2 /* Build configuration list for PBXProject "CollectionViewExample" */ = {
			isa = XCConfigurationList;
			buildConfigurations = (
				877CC52925685F14003EDBA2 /* Debug */,
				877CC52A25685F14003EDBA2 /* Release */,
			);
			defaultConfigurationIsVisible = 0;
			defaultConfigurationName = Release;
		};
		877CC52B25685F14003EDBA2 /* Build configuration list for PBXNativeTarget "CollectionViewExample" */ = {
			isa = XCConfigurationList;
			buildConfigurations = (
				877CC52C25685F14003EDBA2 /* Debug */,
				877CC52D25685F14003EDBA2 /* Release */,
			);
			defaultConfigurationIsVisible = 0;
			defaultConfigurationName = Release;
		};
/* End XCConfigurationList section */
	};
	rootObject = 877CC50F25685F13003EDBA2 /* Project object */;
}
